
Microsoft Visual Studio Solution File, Format Version 12.00
# Visual Studio 15
VisualStudioVersion = 15.0.28307.779
MinimumVisualStudioVersion = 10.0.40219.1
Project("{FAE04EC0-301F-11D3-BF4B-00C04F79EFBC}") = "SimplyTotalCommander", "SimplyTotalCommander\SimplyTotalCommander.csproj", "{C963413E-7BB2-48BC-A7A0-D71D4B2902AB}"
EndProject
Global
	GlobalSection(SolutionConfigurationPlatforms) = preSolution
		Debug|Any CPU = Debug|Any CPU
		Release|Any CPU = Release|Any CPU
	EndGlobalSection
	GlobalSection(ProjectConfigurationPlatforms) = postSolution
		{C963413E-7BB2-48BC-A7A0-D71D4B2902AB}.Debug|Any CPU.ActiveCfg = Debug|Any CPU
		{C963413E-7BB2-48BC-A7A0-D71D4B2902AB}.Debug|Any CPU.Build.0 = Debug|Any CPU
		{C963413E-7BB2-48BC-A7A0-D71D4B2902AB}.Release|Any CPU.ActiveCfg = Release|Any CPU
		{C963413E-7BB2-48BC-A7A0-D71D4B2902AB}.Release|Any CPU.Build.0 = Release|Any CPU
	EndGlobalSection
	GlobalSection(SolutionProperties) = preSolution
		HideSolutionNode = FALSE
	EndGlobalSection
	GlobalSection(ExtensibilityGlobals) = postSolution
		SolutionGuid = {1974285F-F3DB-4A61-90CA-4CADB5055E7C}
	EndGlobalSection
EndGlobal
